
Microsoft Visual Studio Solution File, Format Version 12.00
# Visual Studio Version 17
VisualStudioVersion = 17.13.35931.197 d17.13
MinimumVisualStudioVersion = 10.0.40219.1
Project("{FAE04EC0-301F-11D3-BF4B-00C04F79EFBC}") = "BlazorApp1", "BlazorApp1\BlazorApp1.csproj", "{1EF1C748-5939-495F-823C-AD1F7EA585F7}"
EndProject
Global
	GlobalSection(SolutionConfigurationPlatforms) = preSolution
		Debug|Any CPU = Debug|Any CPU
		Release|Any CPU = Release|Any CPU
	EndGlobalSection
	GlobalSection(ProjectConfigurationPlatforms) = postSolution
		{1EF1C748-5939-495F-823C-AD1F7EA585F7}.Debug|Any CPU.ActiveCfg = Debug|Any CPU
		{1EF1C748-5939-495F-823C-AD1F7EA585F7}.Debug|Any CPU.Build.0 = Debug|Any CPU
		{1EF1C748-5939-495F-823C-AD1F7EA585F7}.Release|Any CPU.ActiveCfg = Release|Any CPU
		{1EF1C748-5939-495F-823C-AD1F7EA585F7}.Release|Any CPU.Build.0 = Release|Any CPU
	EndGlobalSection
	GlobalSection(SolutionProperties) = preSolution
		HideSolutionNode = FALSE
	EndGlobalSection
	GlobalSection(ExtensibilityGlobals) = postSolution
		SolutionGuid = {8C64AB8B-64A4-499C-8D38-F278869D3C99}
	EndGlobalSection
EndGlobal
